
Microsoft Visual Studio Solution File, Format Version 12.00
# Visual Studio Version 17
VisualStudioVersion = 17.3.32929.385
MinimumVisualStudioVersion = 10.0.40219.1
Project("{FAE04EC0-301F-11D3-BF4B-00C04F79EFBC}") = "OxyPlot.Maui.Skia", "OxyPlot.Maui.Skia\OxyPlot.Maui.Skia.csproj", "{F5F109EC-6749-4D9B-B969-A45E472378E7}"
EndProject
Project("{9A19103F-16F7-4668-BE54-9A1E7A4F7556}") = "OxyplotMauiSample", "OxyplotMauiSample\OxyplotMauiSample.csproj", "{F6531A13-1F13-4798-83E1-EC6C580F59DC}"
EndProject
Global
	GlobalSection(SolutionConfigurationPlatforms) = preSolution
		Debug|Any CPU = Debug|Any CPU
		Release|Any CPU = Release|Any CPU
	EndGlobalSection
	GlobalSection(ProjectConfigurationPlatforms) = postSolution
		{F5F109EC-6749-4D9B-B969-A45E472378E7}.Debug|Any CPU.ActiveCfg = Debug|Any CPU
		{F5F109EC-6749-4D9B-B969-A45E472378E7}.Debug|Any CPU.Build.0 = Debug|Any CPU
		{F5F109EC-6749-4D9B-B969-A45E472378E7}.Release|Any CPU.ActiveCfg = Release|Any CPU
		{F5F109EC-6749-4D9B-B969-A45E472378E7}.Release|Any CPU.Build.0 = Release|Any CPU
		{F6531A13-1F13-4798-83E1-EC6C580F59DC}.Debug|Any CPU.ActiveCfg = Debug|Any CPU
		{F6531A13-1F13-4798-83E1-EC6C580F59DC}.Debug|Any CPU.Build.0 = Debug|Any CPU
		{F6531A13-1F13-4798-83E1-EC6C580F59DC}.Debug|Any CPU.Deploy.0 = Debug|Any CPU
		{F6531A13-1F13-4798-83E1-EC6C580F59DC}.Release|Any CPU.ActiveCfg = Release|Any CPU
		{F6531A13-1F13-4798-83E1-EC6C580F59DC}.Release|Any CPU.Build.0 = Release|Any CPU
		{F6531A13-1F13-4798-83E1-EC6C580F59DC}.Release|Any CPU.Deploy.0 = Release|Any CPU
	EndGlobalSection
	GlobalSection(SolutionProperties) = preSolution
		HideSolutionNode = FALSE
	EndGlobalSection
	GlobalSection(ExtensibilityGlobals) = postSolution
		SolutionGuid = {BC90704B-E601-4CFB-A85E-4AD0272143AD}
	EndGlobalSection
EndGlobal
